// !$*UTF8*$!
{
	archiveVersion = 1;
	classes = {
	};
	objectVersion = 50;
	objects = {

/* Begin PBXBuildFile section */
		82DF871F21F109EC00A9E13A /* AppDelegate.swift in Sources */ = {isa = PBXBuildFile; fileRef = 82DF871E21F109EC00A9E13A /* AppDelegate.swift */; };
		82DF872121F109EC00A9E13A /* ViewController.swift in Sources */ = {isa = PBXBuildFile; fileRef = 82DF872021F109EC00A9E13A /* ViewController.swift */; };
		82DF872421F109EC00A9E13A /* Main.storyboard in Resources */ = {isa = PBXBuildFile; fileRef = 82DF872221F109EC00A9E13A /* Main.storyboard */; };
		82DF872621F109ED00A9E13A /* Assets.xcassets in Resources */ = {isa = PBXBuildFile; fileRef = 82DF872521F109ED00A9E13A /* Assets.xcassets */; };
		82DF872921F109ED00A9E13A /* LaunchScreen.storyboard in Resources */ = {isa = PBXBuildFile; fileRef = 82DF872721F109ED00A9E13A /* LaunchScreen.storyboard */; };
		82DF873121F10A0800A9E13A /* Book.swift in Sources */ = {isa = PBXBuildFile; fileRef = 82DF873021F10A0800A9E13A /* Book.swift */; };
		82DF873321F10B2F00A9E13A /* BookController.swift in Sources */ = {isa = PBXBuildFile; fileRef = 82DF873221F10B2F00A9E13A /* BookController.swift */; };
		82DF873521F128EF00A9E13A /* ReadingListTableViewController.swift in Sources */ = {isa = PBXBuildFile; fileRef = 82DF873421F128EF00A9E13A /* ReadingListTableViewController.swift */; };
		82DF873721F1291400A9E13A /* BookTableViewCell.swift in Sources */ = {isa = PBXBuildFile; fileRef = 82DF873621F1291400A9E13A /* BookTableViewCell.swift */; };
		82DF873921F12BEB00A9E13A /* BookDetailViewController.swift in Sources */ = {isa = PBXBuildFile; fileRef = 82DF873821F12BEB00A9E13A /* BookDetailViewController.swift */; };
/* End PBXBuildFile section */

/* Begin PBXFileReference section */
		82DF871B21F109EC00A9E13A /* ReadingMist.app */ = {isa = PBXFileReference; explicitFileType = wrapper.application; includeInIndex = 0; path = ReadingMist.app; sourceTree = BUILT_PRODUCTS_DIR; };
		82DF871E21F109EC00A9E13A /* AppDelegate.swift */ = {isa = PBXFileReference; lastKnownFileType = sourcecode.swift; path = AppDelegate.swift; sourceTree = "<group>"; };
		82DF872021F109EC00A9E13A /* ViewController.swift */ = {isa = PBXFileReference; lastKnownFileType = sourcecode.swift; path = ViewController.swift; sourceTree = "<group>"; };
		82DF872321F109EC00A9E13A /* Base */ = {isa = PBXFileReference; lastKnownFileType = file.storyboard; name = Base; path = Base.lproj/Main.storyboard; sourceTree = "<group>"; };
		82DF872521F109ED00A9E13A /* Assets.xcassets */ = {isa = PBXFileReference; lastKnownFileType = folder.assetcatalog; path = Assets.xcassets; sourceTree = "<group>"; };
		82DF872821F109ED00A9E13A /* Base */ = {isa = PBXFileReference; lastKnownFileType = file.storyboard; name = Base; path = Base.lproj/LaunchScreen.storyboard; sourceTree = "<group>"; };
		82DF872A21F109ED00A9E13A /* Info.plist */ = {isa = PBXFileReference; lastKnownFileType = text.plist.xml; path = Info.plist; sourceTree = "<group>"; };
		82DF873021F10A0800A9E13A /* Book.swift */ = {isa = PBXFileReference; lastKnownFileType = sourcecode.swift; path = Book.swift; sourceTree = "<group>"; };
		82DF873221F10B2F00A9E13A /* BookController.swift */ = {isa = PBXFileReference; lastKnownFileType = sourcecode.swift; path = BookController.swift; sourceTree = "<group>"; };
		82DF873421F128EF00A9E13A /* ReadingListTableViewController.swift */ = {isa = PBXFileReference; lastKnownFileType = sourcecode.swift; path = ReadingListTableViewController.swift; sourceTree = "<group>"; };
		82DF873621F1291400A9E13A /* BookTableViewCell.swift */ = {isa = PBXFileReference; lastKnownFileType = sourcecode.swift; path = BookTableViewCell.swift; sourceTree = "<group>"; };
		82DF873821F12BEB00A9E13A /* BookDetailViewController.swift */ = {isa = PBXFileReference; lastKnownFileType = sourcecode.swift; path = BookDetailViewController.swift; sourceTree = "<group>"; };
/* End PBXFileReference section */

/* Begin PBXFrameworksBuildPhase section */
		82DF871821F109EC00A9E13A /* Frameworks */ = {
			isa = PBXFrameworksBuildPhase;
			buildActionMask = 2147483647;
			files = (
			);
			runOnlyForDeploymentPostprocessing = 0;
		};
/* End PBXFrameworksBuildPhase section */

/* Begin PBXGroup section */
		82DF871221F109EC00A9E13A = {
			isa = PBXGroup;
			children = (
				82DF871D21F109EC00A9E13A /* ReadingMist */,
				82DF871C21F109EC00A9E13A /* Products */,
			);
			sourceTree = "<group>";
		};
		82DF871C21F109EC00A9E13A /* Products */ = {
			isa = PBXGroup;
			children = (
				82DF871B21F109EC00A9E13A /* ReadingMist.app */,
			);
			name = Products;
			sourceTree = "<group>";
		};
		82DF871D21F109EC00A9E13A /* ReadingMist */ = {
			isa = PBXGroup;
			children = (
				82DF873021F10A0800A9E13A /* Book.swift */,
				82DF873221F10B2F00A9E13A /* BookController.swift */,
				82DF873621F1291400A9E13A /* BookTableViewCell.swift */,
				82DF873421F128EF00A9E13A /* ReadingListTableViewController.swift */,
				82DF873821F12BEB00A9E13A /* BookDetailViewController.swift */,
				82DF871E21F109EC00A9E13A /* AppDelegate.swift */,
				82DF872021F109EC00A9E13A /* ViewController.swift */,
				82DF872221F109EC00A9E13A /* Main.storyboard */,
				82DF872521F109ED00A9E13A /* Assets.xcassets */,
				82DF872721F109ED00A9E13A /* LaunchScreen.storyboard */,
				82DF872A21F109ED00A9E13A /* Info.plist */,
			);
			path = ReadingMist;
			sourceTree = "<group>";
		};
/* End PBXGroup section */

/* Begin PBXNativeTarget section */
		82DF871A21F109EC00A9E13A /* ReadingMist */ = {
			isa = PBXNativeTarget;
			buildConfigurationList = 82DF872D21F109ED00A9E13A /* Build configuration list for PBXNativeTarget "ReadingMist" */;
			buildPhases = (
				82DF871721F109EC00A9E13A /* Sources */,
				82DF871821F109EC00A9E13A /* Frameworks */,
				82DF871921F109EC00A9E13A /* Resources */,
			);
			buildRules = (
			);
			dependencies = (
			);
			name = ReadingMist;
			productName = ReadingMist;
			productReference = 82DF871B21F109EC00A9E13A /* ReadingMist.app */;
			productType = "com.apple.product-type.application";
		};
/* End PBXNativeTarget section */

/* Begin PBXProject section */
		82DF871321F109EC00A9E13A /* Project object */ = {
			isa = PBXProject;
			attributes = {
				LastSwiftUpdateCheck = 1010;
				LastUpgradeCheck = 1010;
				ORGANIZATIONNAME = "Lambda School";
				TargetAttributes = {
					82DF871A21F109EC00A9E13A = {
						CreatedOnToolsVersion = 10.1;
					};
				};
			};
			buildConfigurationList = 82DF871621F109EC00A9E13A /* Build configuration list for PBXProject "ReadingMist" */;
			compatibilityVersion = "Xcode 9.3";
			developmentRegion = en;
			hasScannedForEncodings = 0;
			knownRegions = (
				en,
				Base,
			);
			mainGroup = 82DF871221F109EC00A9E13A;
			productRefGroup = 82DF871C21F109EC00A9E13A /* Products */;
			projectDirPath = "";
			projectRoot = "";
			targets = (
				82DF871A21F109EC00A9E13A /* ReadingMist */,
			);
		};
/* End PBXProject section */

/* Begin PBXResourcesBuildPhase section */
		82DF871921F109EC00A9E13A /* Resources */ = {
			isa = PBXResourcesBuildPhase;
			buildActionMask = 2147483647;
			files = (
				82DF872921F109ED00A9E13A /* LaunchScreen.storyboard in Resources */,
				82DF872621F109ED00A9E13A /* Assets.xcassets in Resources */,
				82DF872421F109EC00A9E13A /* Main.storyboard in Resources */,
			);
			runOnlyForDeploymentPostprocessing = 0;
		};
/* End PBXResourcesBuildPhase section */

/* Begin PBXSourcesBuildPhase section */
		82DF871721F109EC00A9E13A /* Sources */ = {
			isa = PBXSourcesBuildPhase;
			buildActionMask = 2147483647;
			files = (
				82DF872121F109EC00A9E13A /* ViewController.swift in Sources */,
				82DF873521F128EF00A9E13A /* ReadingListTableViewController.swift in Sources */,
				82DF871F21F109EC00A9E13A /* AppDelegate.swift in Sources */,
				82DF873321F10B2F00A9E13A /* BookController.swift in Sources */,
				82DF873921F12BEB00A9E13A /* BookDetailViewController.swift in Sources */,
				82DF873721F1291400A9E13A /* BookTableViewCell.swift in Sources */,
				82DF873121F10A0800A9E13A /* Book.swift in Sources */,
			);
			runOnlyForDeploymentPostprocessing = 0;
		};
/* End PBXSourcesBuildPhase section */

/* Begin PBXVariantGroup section */
		82DF872221F109EC00A9E13A /* Main.storyboard */ = {
			isa = PBXVariantGroup;
			children = (
				82DF872321F109EC00A9E13A /* Base */,
			);
			name = Main.storyboard;
			sourceTree = "<group>";
		};
		82DF872721F109ED00A9E13A /* LaunchScreen.storyboard */ = {
			isa = PBXVariantGroup;
			children = (
				82DF872821F109ED00A9E13A /* Base */,
			);
			name = LaunchScreen.storyboard;
			sourceTree = "<group>";
		};
/* End PBXVariantGroup section */

/* Begin XCBuildConfiguration section */
		82DF872B21F109ED00A9E13A /* Debug */ = {
			isa = XCBuildConfiguration;
			buildSettings = {
				ALWAYS_SEARCH_USER_PATHS = NO;
				CLANG_ANALYZER_NONNULL = YES;
				CLANG_ANALYZER_NUMBER_OBJECT_CONVERSION = YES_AGGRESSIVE;
				CLANG_CXX_LANGUAGE_STANDARD = "gnu++14";
				CLANG_CXX_LIBRARY = "libc++";
				CLANG_ENABLE_MODULES = YES;
				CLANG_ENABLE_OBJC_ARC = YES;
				CLANG_ENABLE_OBJC_WEAK = YES;
				CLANG_WARN_BLOCK_CAPTURE_AUTORELEASING = YES;
				CLANG_WARN_BOOL_CONVERSION = YES;
				CLANG_WARN_COMMA = YES;
				CLANG_WARN_CONSTANT_CONVERSION = YES;
				CLANG_WARN_DEPRECATED_OBJC_IMPLEMENTATIONS = YES;
				CLANG_WARN_DIRECT_OBJC_ISA_USAGE = YES_ERROR;
				CLANG_WARN_DOCUMENTATION_COMMENTS = YES;
				CLANG_WARN_EMPTY_BODY = YES;
				CLANG_WARN_ENUM_CONVERSION = YES;
				CLANG_WARN_INFINITE_RECURSION = YES;
				CLANG_WARN_INT_CONVERSION = YES;
				CLANG_WARN_NON_LITERAL_NULL_CONVERSION = YES;
				CLANG_WARN_OBJC_IMPLICIT_RETAIN_SELF = YES;
				CLANG_WARN_OBJC_LITERAL_CONVERSION = YES;
				CLANG_WARN_OBJC_ROOT_CLASS = YES_ERROR;
				CLANG_WARN_RANGE_LOOP_ANALYSIS = YES;
				CLANG_WARN_STRICT_PROTOTYPES = YES;
				CLANG_WARN_SUSPICIOUS_MOVE = YES;
				CLANG_WARN_UNGUARDED_AVAILABILITY = YES_AGGRESSIVE;
				CLANG_WARN_UNREACHABLE_CODE = YES;
				CLANG_WARN__DUPLICATE_METHOD_MATCH = YES;
				CODE_SIGN_IDENTITY = "iPhone Developer";
				COPY_PHASE_STRIP = NO;
				DEBUG_INFORMATION_FORMAT = dwarf;
				ENABLE_STRICT_OBJC_MSGSEND = YES;
				ENABLE_TESTABILITY = YES;
				GCC_C_LANGUAGE_STANDARD = gnu11;
				GCC_DYNAMIC_NO_PIC = NO;
				GCC_NO_COMMON_BLOCKS = YES;
				GCC_OPTIMIZATION_LEVEL = 0;
				GCC_PREPROCESSOR_DEFINITIONS = (
					"DEBUG=1",
					"$(inherited)",
				);
				GCC_WARN_64_TO_32_BIT_CONVERSION = YES;
				GCC_WARN_ABOUT_RETURN_TYPE = YES_ERROR;
				GCC_WARN_UNDECLARED_SELECTOR = YES;
				GCC_WARN_UNINITIALIZED_AUTOS = YES_AGGRESSIVE;
				GCC_WARN_UNUSED_FUNCTION = YES;
				GCC_WARN_UNUSED_VARIABLE = YES;
				IPHONEOS_DEPLOYMENT_TARGET = 12.1;
				MTL_ENABLE_DEBUG_INFO = INCLUDE_SOURCE;
				MTL_FAST_MATH = YES;
				ONLY_ACTIVE_ARCH = YES;
				SDKROOT = iphoneos;
				SWIFT_ACTIVE_COMPILATION_CONDITIONS = DEBUG;
				SWIFT_OPTIMIZATION_LEVEL = "-Onone";
			};
			name = Debug;
		};
		82DF872C21F109ED00A9E13A /* Release */ = {
			isa = XCBuildConfiguration;
			buildSettings = {
				ALWAYS_SEARCH_USER_PATHS = NO;
				CLANG_ANALYZER_NONNULL = YES;
				CLANG_ANALYZER_NUMBER_OBJECT_CONVERSION = YES_AGGRESSIVE;
				CLANG_CXX_LANGUAGE_STANDARD = "gnu++14";
				CLANG_CXX_LIBRARY = "libc++";
				CLANG_ENABLE_MODULES = YES;
				CLANG_ENABLE_OBJC_ARC = YES;
				CLANG_ENABLE_OBJC_WEAK = YES;
				CLANG_WARN_BLOCK_CAPTURE_AUTORELEASING = YES;
				CLANG_WARN_BOOL_CONVERSION = YES;
				CLANG_WARN_COMMA = YES;
				CLANG_WARN_CONSTANT_CONVERSION = YES;
				CLANG_WARN_DEPRECATED_OBJC_IMPLEMENTATIONS = YES;
				CLANG_WARN_DIRECT_OBJC_ISA_USAGE = YES_ERROR;
				CLANG_WARN_DOCUMENTATION_COMMENTS = YES;
				CLANG_WARN_EMPTY_BODY = YES;
				CLANG_WARN_ENUM_CONVERSION = YES;
				CLANG_WARN_INFINITE_RECURSION = YES;
				CLANG_WARN_INT_CONVERSION = YES;
				CLANG_WARN_NON_LITERAL_NULL_CONVERSION = YES;
				CLANG_WARN_OBJC_IMPLICIT_RETAIN_SELF = YES;
				CLANG_WARN_OBJC_LITERAL_CONVERSION = YES;
				CLANG_WARN_OBJC_ROOT_CLASS = YES_ERROR;
				CLANG_WARN_RANGE_LOOP_ANALYSIS = YES;
				CLANG_WARN_STRICT_PROTOTYPES = YES;
				CLANG_WARN_SUSPICIOUS_MOVE = YES;
				CLANG_WARN_UNGUARDED_AVAILABILITY = YES_AGGRESSIVE;
				CLANG_WARN_UNREACHABLE_CODE = YES;
				CLANG_WARN__DUPLICATE_METHOD_MATCH = YES;
				CODE_SIGN_IDENTITY = "iPhone Developer";
				COPY_PHASE_STRIP = NO;
				DEBUG_INFORMATION_FORMAT = "dwarf-with-dsym";
				ENABLE_NS_ASSERTIONS = NO;
				ENABLE_STRICT_OBJC_MSGSEND = YES;
				GCC_C_LANGUAGE_STANDARD = gnu11;
				GCC_NO_COMMON_BLOCKS = YES;
				GCC_WARN_64_TO_32_BIT_CONVERSION = YES;
				GCC_WARN_ABOUT_RETURN_TYPE = YES_ERROR;
				GCC_WARN_UNDECLARED_SELECTOR = YES;
				GCC_WARN_UNINITIALIZED_AUTOS = YES_AGGRESSIVE;
				GCC_WARN_UNUSED_FUNCTION = YES;
				GCC_WARN_UNUSED_VARIABLE = YES;
				IPHONEOS_DEPLOYMENT_TARGET = 12.1;
				MTL_ENABLE_DEBUG_INFO = NO;
				MTL_FAST_MATH = YES;
				SDKROOT = iphoneos;
				SWIFT_COMPILATION_MODE = wholemodule;
				SWIFT_OPTIMIZATION_LEVEL = "-O";
				VALIDATE_PRODUCT = YES;
			};
			name = Release;
		};
		82DF872E21F109ED00A9E13A /* Debug */ = {
			isa = XCBuildConfiguration;
			buildSettings = {
				ASSETCATALOG_COMPILER_APPICON_NAME = AppIcon;
				CODE_SIGN_STYLE = Automatic;
				INFOPLIST_FILE = ReadingMist/Info.plist;
				LD_RUNPATH_SEARCH_PATHS = (
					"$(inherited)",
					"@executable_path/Frameworks",
				);
				PRODUCT_BUNDLE_IDENTIFIER = com.lambdaschool.ReadingMist;
				PRODUCT_NAME = "$(TARGET_NAME)";
				SWIFT_VERSION = 4.2;
				TARGETED_DEVICE_FAMILY = "1,2";
			};
			name = Debug;
		};
		82DF872F21F109ED00A9E13A /* Release */ = {
			isa = XCBuildConfiguration;
			buildSettings = {
				ASSETCATALOG_COMPILER_APPICON_NAME = AppIcon;
				CODE_SIGN_STYLE = Automatic;
				INFOPLIST_FILE = ReadingMist/Info.plist;
				LD_RUNPATH_SEARCH_PATHS = (
					"$(inherited)",
					"@executable_path/Frameworks",
				);
				PRODUCT_BUNDLE_IDENTIFIER = com.lambdaschool.ReadingMist;
				PRODUCT_NAME = "$(TARGET_NAME)";
				SWIFT_VERSION = 4.2;
				TARGETED_DEVICE_FAMILY = "1,2";
			};
			name = Release;
		};
/* End XCBuildConfiguration section */

/* Begin XCConfigurationList section */
		82DF871621F109EC00A9E13A /* Build configuration list for PBXProject "ReadingMist" */ = {
			isa = XCConfigurationList;
			buildConfigurations = (
				82DF872B21F109ED00A9E13A /* Debug */,
				82DF872C21F109ED00A9E13A /* Release */,
			);
			defaultConfigurationIsVisible = 0;
			defaultConfigurationName = Release;
		};
		82DF872D21F109ED00A9E13A /* Build configuration list for PBXNativeTarget "ReadingMist" */ = {
			isa = XCConfigurationList;
			buildConfigurations = (
				82DF872E21F109ED00A9E13A /* Debug */,
				82DF872F21F109ED00A9E13A /* Release */,
			);
			defaultConfigurationIsVisible = 0;
			defaultConfigurationName = Release;
		};
/* End XCConfigurationList section */
	};
	rootObject = 82DF871321F109EC00A9E13A /* Project object */;
}
